
Microsoft Visual Studio Solution File, Format Version 12.00
# Visual Studio 15
VisualStudioVersion = 15.0.27004.2010
MinimumVisualStudioVersion = 10.0.40219.1
Project("{FAE04EC0-301F-11D3-BF4B-00C04F79EFBC}") = "FirstRPG", "Game2\FirstRPG.csproj", "{3543CC7B-5DCF-4F48-ACC5-44D9682ED71E}"
EndProject
Global
	GlobalSection(SolutionConfigurationPlatforms) = preSolution
		Debug|x86 = Debug|x86
		Release|x86 = Release|x86
	EndGlobalSection
	GlobalSection(ProjectConfigurationPlatforms) = postSolution
		{3543CC7B-5DCF-4F48-ACC5-44D9682ED71E}.Debug|x86.ActiveCfg = Debug|x86
		{3543CC7B-5DCF-4F48-ACC5-44D9682ED71E}.Debug|x86.Build.0 = Debug|x86
		{3543CC7B-5DCF-4F48-ACC5-44D9682ED71E}.Release|x86.ActiveCfg = Release|x86
		{3543CC7B-5DCF-4F48-ACC5-44D9682ED71E}.Release|x86.Build.0 = Release|x86
	EndGlobalSection
	GlobalSection(SolutionProperties) = preSolution
		HideSolutionNode = FALSE
	EndGlobalSection
	GlobalSection(ExtensibilityGlobals) = postSolution
		SolutionGuid = {45D87EE9-BD21-4046-AD1C-AE2A0FB32EA6}
	EndGlobalSection
EndGlobal
